
Microsoft Visual Studio Solution File, Format Version 12.00
# Visual Studio 15
VisualStudioVersion = 15.0.26430.6
MinimumVisualStudioVersion = 10.0.40219.1
Project("{FAE04EC0-301F-11D3-BF4B-00C04F79EFBC}") = "MessagesAPI", "Messages\MessagesAPI.csproj", "{E546F925-A2D6-4E34-9BC6-80231F270B2C}"
EndProject
Project("{FAE04EC0-301F-11D3-BF4B-00C04F79EFBC}") = "MessagesApp", "MessagesApp\MessagesApp\MessagesApp.csproj", "{FEB35017-485E-4071-A816-F1E03673B7C1}"
EndProject
Project("{FAE04EC0-301F-11D3-BF4B-00C04F79EFBC}") = "MessagesApp.Android", "MessagesApp\MessagesApp.Android\MessagesApp.Android.csproj", "{06F0D9F3-5003-433B-B475-CE051E990821}"
EndProject
Project("{FAE04EC0-301F-11D3-BF4B-00C04F79EFBC}") = "MessagesApp.iOS", "MessagesApp\MessagesApp.iOS\MessagesApp.iOS.csproj", "{A92A9EB5-8C7D-47C6-9BF9-5D4DE5DA68AF}"
EndProject
Global
	GlobalSection(SolutionConfigurationPlatforms) = preSolution
		Debug|Any CPU = Debug|Any CPU
		Debug|iPhone = Debug|iPhone
		Debug|iPhoneSimulator = Debug|iPhoneSimulator
		Release|Any CPU = Release|Any CPU
		Release|iPhone = Release|iPhone
		Release|iPhoneSimulator = Release|iPhoneSimulator
	EndGlobalSection
	GlobalSection(ProjectConfigurationPlatforms) = postSolution
		{E546F925-A2D6-4E34-9BC6-80231F270B2C}.Debug|Any CPU.ActiveCfg = Debug|Any CPU
		{E546F925-A2D6-4E34-9BC6-80231F270B2C}.Debug|Any CPU.Build.0 = Debug|Any CPU
		{E546F925-A2D6-4E34-9BC6-80231F270B2C}.Debug|iPhone.ActiveCfg = Debug|Any CPU
		{E546F925-A2D6-4E34-9BC6-80231F270B2C}.Debug|iPhone.Build.0 = Debug|Any CPU
		{E546F925-A2D6-4E34-9BC6-80231F270B2C}.Debug|iPhoneSimulator.ActiveCfg = Debug|Any CPU
		{E546F925-A2D6-4E34-9BC6-80231F270B2C}.Debug|iPhoneSimulator.Build.0 = Debug|Any CPU
		{E546F925-A2D6-4E34-9BC6-80231F270B2C}.Release|Any CPU.ActiveCfg = Release|Any CPU
		{E546F925-A2D6-4E34-9BC6-80231F270B2C}.Release|Any CPU.Build.0 = Release|Any CPU
		{E546F925-A2D6-4E34-9BC6-80231F270B2C}.Release|iPhone.ActiveCfg = Release|Any CPU
		{E546F925-A2D6-4E34-9BC6-80231F270B2C}.Release|iPhone.Build.0 = Release|Any CPU
		{E546F925-A2D6-4E34-9BC6-80231F270B2C}.Release|iPhoneSimulator.ActiveCfg = Release|Any CPU
		{E546F925-A2D6-4E34-9BC6-80231F270B2C}.Release|iPhoneSimulator.Build.0 = Release|Any CPU
		{FEB35017-485E-4071-A816-F1E03673B7C1}.Debug|Any CPU.ActiveCfg = Debug|Any CPU
		{FEB35017-485E-4071-A816-F1E03673B7C1}.Debug|Any CPU.Build.0 = Debug|Any CPU
		{FEB35017-485E-4071-A816-F1E03673B7C1}.Debug|iPhone.ActiveCfg = Debug|Any CPU
		{FEB35017-485E-4071-A816-F1E03673B7C1}.Debug|iPhone.Build.0 = Debug|Any CPU
		{FEB35017-485E-4071-A816-F1E03673B7C1}.Debug|iPhoneSimulator.ActiveCfg = Debug|Any CPU
		{FEB35017-485E-4071-A816-F1E03673B7C1}.Debug|iPhoneSimulator.Build.0 = Debug|Any CPU
		{FEB35017-485E-4071-A816-F1E03673B7C1}.Release|Any CPU.ActiveCfg = Release|Any CPU
		{FEB35017-485E-4071-A816-F1E03673B7C1}.Release|Any CPU.Build.0 = Release|Any CPU
		{FEB35017-485E-4071-A816-F1E03673B7C1}.Release|iPhone.ActiveCfg = Release|Any CPU
		{FEB35017-485E-4071-A816-F1E03673B7C1}.Release|iPhone.Build.0 = Release|Any CPU
		{FEB35017-485E-4071-A816-F1E03673B7C1}.Release|iPhoneSimulator.ActiveCfg = Release|Any CPU
		{FEB35017-485E-4071-A816-F1E03673B7C1}.Release|iPhoneSimulator.Build.0 = Release|Any CPU
		{06F0D9F3-5003-433B-B475-CE051E990821}.Debug|Any CPU.ActiveCfg = Debug|Any CPU
		{06F0D9F3-5003-433B-B475-CE051E990821}.Debug|Any CPU.Build.0 = Debug|Any CPU
		{06F0D9F3-5003-433B-B475-CE051E990821}.Debug|Any CPU.Deploy.0 = Debug|Any CPU
		{06F0D9F3-5003-433B-B475-CE051E990821}.Debug|iPhone.ActiveCfg = Debug|Any CPU
		{06F0D9F3-5003-433B-B475-CE051E990821}.Debug|iPhone.Build.0 = Debug|Any CPU
		{06F0D9F3-5003-433B-B475-CE051E990821}.Debug|iPhone.Deploy.0 = Debug|Any CPU
		{06F0D9F3-5003-433B-B475-CE051E990821}.Debug|iPhoneSimulator.ActiveCfg = Debug|Any CPU
		{06F0D9F3-5003-433B-B475-CE051E990821}.Debug|iPhoneSimulator.Build.0 = Debug|Any CPU
		{06F0D9F3-5003-433B-B475-CE051E990821}.Debug|iPhoneSimulator.Deploy.0 = Debug|Any CPU
		{06F0D9F3-5003-433B-B475-CE051E990821}.Release|Any CPU.ActiveCfg = Release|Any CPU
		{06F0D9F3-5003-433B-B475-CE051E990821}.Release|Any CPU.Build.0 = Release|Any CPU
		{06F0D9F3-5003-433B-B475-CE051E990821}.Release|Any CPU.Deploy.0 = Release|Any CPU
		{06F0D9F3-5003-433B-B475-CE051E990821}.Release|iPhone.ActiveCfg = Release|Any CPU
		{06F0D9F3-5003-433B-B475-CE051E990821}.Release|iPhone.Build.0 = Release|Any CPU
		{06F0D9F3-5003-433B-B475-CE051E990821}.Release|iPhone.Deploy.0 = Release|Any CPU
		{06F0D9F3-5003-433B-B475-CE051E990821}.Release|iPhoneSimulator.ActiveCfg = Release|Any CPU
		{06F0D9F3-5003-433B-B475-CE051E990821}.Release|iPhoneSimulator.Build.0 = Release|Any CPU
		{06F0D9F3-5003-433B-B475-CE051E990821}.Release|iPhoneSimulator.Deploy.0 = Release|Any CPU
		{A92A9EB5-8C7D-47C6-9BF9-5D4DE5DA68AF}.Debug|Any CPU.ActiveCfg = Debug|iPhone
		{A92A9EB5-8C7D-47C6-9BF9-5D4DE5DA68AF}.Debug|iPhone.ActiveCfg = Debug|iPhone
		{A92A9EB5-8C7D-47C6-9BF9-5D4DE5DA68AF}.Debug|iPhone.Build.0 = Debug|iPhone
		{A92A9EB5-8C7D-47C6-9BF9-5D4DE5DA68AF}.Debug|iPhoneSimulator.ActiveCfg = Debug|iPhoneSimulator
		{A92A9EB5-8C7D-47C6-9BF9-5D4DE5DA68AF}.Debug|iPhoneSimulator.Build.0 = Debug|iPhoneSimulator
		{A92A9EB5-8C7D-47C6-9BF9-5D4DE5DA68AF}.Release|Any CPU.ActiveCfg = Release|iPhone
		{A92A9EB5-8C7D-47C6-9BF9-5D4DE5DA68AF}.Release|iPhone.ActiveCfg = Release|iPhone
		{A92A9EB5-8C7D-47C6-9BF9-5D4DE5DA68AF}.Release|iPhone.Build.0 = Release|iPhone
		{A92A9EB5-8C7D-47C6-9BF9-5D4DE5DA68AF}.Release|iPhoneSimulator.ActiveCfg = Release|iPhoneSimulator
		{A92A9EB5-8C7D-47C6-9BF9-5D4DE5DA68AF}.Release|iPhoneSimulator.Build.0 = Release|iPhoneSimulator
	EndGlobalSection
	GlobalSection(SolutionProperties) = preSolution
		HideSolutionNode = FALSE
	EndGlobalSection
EndGlobal
